<?xml version="1.0" encoding="utf-8"?>
<Project ToolsVersion="4.0" xmlns="http://schemas.microsoft.com/developer/msbuild/2003">
  <ItemGroup>
    <Filter Include="Source Files">
      <UniqueIdentifier>{4FC737F1-C7A5-4376-A066-2A32D752A2FF}</UniqueIdentifier>
      <Extensions>cpp;c;cc;cxx;def;odl;idl;hpj;bat;asm;asmx</Extensions>
    </Filter>
    <Filter Include="Header Files">
      <UniqueIdentifier>{93995380-89BD-4b04-88EB-625FBE52EBFB}</UniqueIdentifier>
      <Extensions>h;hh;hpp;hxx;hm;inl;inc;ipp;xsd</Extensions>
    </Filter>
    <Filter Include="Resource Files">
      <UniqueIdentifier>{67DA6AB6-F800-4c08-8B7A-83BB121AAD01}</UniqueIdentifier>
      <Extensions>rc;ico;cur;bmp;dlg;rc2;rct;bin;rgs;gif;jpg;jpeg;jpe;resx;tiff;tif;png;wav;mfcribbon-ms</Extensions>
    </Filter>
    <Filter Include="blender">
      <UniqueIdentifier>{2b17a0b8-768d-4fb6-a68b-33d26d05dbe6}</UniqueIdentifier>
    </Filter>
    <Filter Include="shader">
      <UniqueIdentifier>{bc40a6f3-d662-49c9-bca8-fdc1edcbff5a}</UniqueIdentifier>
    </Filter>
  </ItemGroup>
  <ItemGroup>
    <ClCompile Include="maths_funcs.cpp">
      <Filter>Source Files</Filter>
    </ClCompile>
    <ClCompile Include="blender_loader.cpp">
      <Filter>Source Files</Filter>
    </ClCompile>
    <ClCompile Include="main.cpp">
      <Filter>Source Files</Filter>
    </ClCompile>
    <ClCompile Include="shader.cpp">
      <Filter>Source Files</Filter>
    </ClCompile>
    <ClCompile Include="meshes.cpp">
      <Filter>Source Files</Filter>
    </ClCompile>
    <ClCompile Include="person.cpp">
      <Filter>Source Files</Filter>
    </ClCompile>
  </ItemGroup>
  <ItemGroup>
    <ClInclude Include="blender_loader.h">
      <Filter>Header Files</Filter>
    </ClInclude>
    <ClInclude Include="maths_funcs.h">
      <Filter>Header Files</Filter>
    </ClInclude>
    <ClInclude Include="meshes.h">
      <Filter>Header Files</Filter>
    </ClInclude>
    <ClInclude Include="person.h">
      <Filter>Header Files</Filter>
    </ClInclude>
    <ClInclude Include="shader.h">
      <Filter>Header Files</Filter>
    </ClInclude>
    <ClInclude Include="teapot_model.h">
      <Filter>Header Files</Filter>
    </ClInclude>
  </ItemGroup>
  <ItemGroup>
    <CopyFileToFolders Include="blender\cone.obj">
      <Filter>blender</Filter>
    </CopyFileToFolders>
    <CopyFileToFolders Include="blender\cube.obj">
      <Filter>blender</Filter>
    </CopyFileToFolders>
    <CopyFileToFolders Include="blender\cylinder.obj">
      <Filter>blender</Filter>
    </CopyFileToFolders>
    <CopyFileToFolders Include="blender\dodecahedron.obj">
      <Filter>blender</Filter>
    </CopyFileToFolders>
    <CopyFileToFolders Include="blender\ico_sphere.obj">
      <Filter>blender</Filter>
    </CopyFileToFolders>
    <CopyFileToFolders Include="blender\icosahedron.obj">
      <Filter>blender</Filter>
    </CopyFileToFolders>
    <CopyFileToFolders Include="blender\merkaba.obj">
      <Filter>blender</Filter>
    </CopyFileToFolders>
    <CopyFileToFolders Include="blender\octahedron.obj">
      <Filter>blender</Filter>
    </CopyFileToFolders>
    <CopyFileToFolders Include="blender\tetrahedron.obj">
      <Filter>blender</Filter>
    </CopyFileToFolders>
    <CopyFileToFolders Include="blender\torus.obj">
      <Filter>blender</Filter>
    </CopyFileToFolders>
    <CopyFileToFolders Include="shaders\litFragmentShader.glsl">
      <Filter>shader</Filter>
    </CopyFileToFolders>
    <CopyFileToFolders Include="shaders\litVertexShader.glsl">
      <Filter>shader</Filter>
    </CopyFileToFolders>
    <CopyFileToFolders Include="shaders\simpleFragmentShader.glsl">
      <Filter>shader</Filter>
    </CopyFileToFolders>
    <CopyFileToFolders Include="shaders\simpleVertexShader.glsl">
      <Filter>shader</Filter>
    </CopyFileToFolders>
    <CopyFileToFolders Include="shaders\pointLitFragmentShader.glsl">
      <Filter>shader</Filter>
    </CopyFileToFolders>
    <CopyFileToFolders Include="shaders\pointLitVertexShader.glsl">
      <Filter>shader</Filter>
    </CopyFileToFolders>
    <CopyFileToFolders Include="blender\table.obj">
      <Filter>blender</Filter>
    </CopyFileToFolders>
    <CopyFileToFolders Include="freeglut\bin\freeglut.dll" />
    <CopyFileToFolders Include="glew-1.10.0\bin\Release\Win32\glew32.dll" />
  </ItemGroup>
</Project>