<?xml version="1.0" encoding="utf-8"?>
<Project ToolsVersion="4.0" xmlns="http://schemas.microsoft.com/developer/msbuild/2003">
  <ItemGroup>
    <Filter Include="Source Files">
      <UniqueIdentifier>{4FC737F1-C7A5-4376-A066-2A32D752A2FF}</UniqueIdentifier>
      <Extensions>cpp;c;cc;cxx;def;odl;idl;hpj;bat;asm;asmx</Extensions>
    </Filter>
    <Filter Include="Header Files">
      <UniqueIdentifier>{93995380-89BD-4b04-88EB-625FBE52EBFB}</UniqueIdentifier>
      <Extensions>h;hh;hpp;hxx;hm;inl;inc;ipp;xsd</Extensions>
    </Filter>
    <Filter Include="Resource Files">
      <UniqueIdentifier>{67DA6AB6-F800-4c08-8B7A-83BB121AAD01}</UniqueIdentifier>
      <Extensions>rc;ico;cur;bmp;dlg;rc2;rct;bin;rgs;gif;jpg;jpeg;jpe;resx;tiff;tif;png;wav;mfcribbon-ms</Extensions>
    </Filter>
    <Filter Include="blender">
      <UniqueIdentifier>{2b17a0b8-768d-4fb6-a68b-33d26d05dbe6}</UniqueIdentifier>
    </Filter>
    <Filter Include="shader">
      <UniqueIdentifier>{bc40a6f3-d662-49c9-bca8-fdc1edcbff5a}</UniqueIdentifier>
    </Filter>
  </ItemGroup>
  <ItemGroup>
    <ClCompile Include="maths_funcs.cpp">
      <Filter>Source Files</Filter>
    </ClCompile>
    <ClCompile Include="blender_loader.cpp">
      <Filter>Source Files</Filter>
    </ClCompile>
    <ClCompile Include="main.cpp">
      <Filter>Source Files</Filter>
    </ClCompile>
    <ClCompile Include="shader.cpp">
      <Filter>Source Files</Filter>
    </ClCompile>
    <ClCompile Include="meshes.cpp">
      <Filter>Source Files</Filter>
    </ClCompile>
    <ClCompile Include="airplane.cpp">
      <Filter>Source Files</Filter>
    </ClCompile>
  </ItemGroup>
  <ItemGroup>
    <ClInclude Include="blender_loader.h">
      <Filter>Header Files</Filter>
    </ClInclude>
    <ClInclude Include="maths_funcs.h">
      <Filter>Header Files</Filter>
    </ClInclude>
    <ClInclude Include="meshes.h">
      <Filter>Header Files</Filter>
    </ClInclude>
    <ClInclude Include="shader.h">
      <Filter>Header Files</Filter>
    </ClInclude>
    <ClInclude Include="airplane.h">
      <Filter>Header Files</Filter>
    </ClInclude>
  </ItemGroup>
  <ItemGroup>
    <CopyFileToFolders Include="shaders\litFragmentShader.glsl">
      <Filter>shader</Filter>
    </CopyFileToFolders>
    <CopyFileToFolders Include="shaders\litVertexShader.glsl">
      <Filter>shader</Filter>
    </CopyFileToFolders>
    <CopyFileToFolders Include="shaders\simpleFragmentShader.glsl">
      <Filter>shader</Filter>
    </CopyFileToFolders>
    <CopyFileToFolders Include="shaders\simpleVertexShader.glsl">
      <Filter>shader</Filter>
    </CopyFileToFolders>
    <CopyFileToFolders Include="shaders\pointLitFragmentShader.glsl">
      <Filter>shader</Filter>
    </CopyFileToFolders>
    <CopyFileToFolders Include="shaders\pointLitVertexShader.glsl">
      <Filter>shader</Filter>
    </CopyFileToFolders>
    <CopyFileToFolders Include="Shaders\blinnPhongFragmentShader.glsl">
      <Filter>shader</Filter>
    </CopyFileToFolders>
    <CopyFileToFolders Include="Shaders\celShadedFragmentShader.glsl">
      <Filter>shader</Filter>
    </CopyFileToFolders>
    <CopyFileToFolders Include="Shaders\celShadedVertexShader.glsl">
      <Filter>shader</Filter>
    </CopyFileToFolders>
    <CopyFileToFolders Include="Shaders\minnaertFragmentShader.glsl">
      <Filter>shader</Filter>
    </CopyFileToFolders>
    <CopyFileToFolders Include="Shaders\reflectionCommonVertexShader.glsl">
      <Filter>shader</Filter>
    </CopyFileToFolders>
    <CopyFileToFolders Include="Shaders\flawedBlinnPhongFragmentShader.glsl">
      <Filter>shader</Filter>
    </CopyFileToFolders>
    <CopyFileToFolders Include="blender\plane.obj">
      <Filter>blender</Filter>
    </CopyFileToFolders>
    <CopyFileToFolders Include="blender\propeller.obj">
      <Filter>blender</Filter>
    </CopyFileToFolders>
    <CopyFileToFolders Include="blender\wheels.obj">
      <Filter>blender</Filter>
    </CopyFileToFolders>
    <CopyFileToFolders Include="blender\landscape.obj">
      <Filter>blender</Filter>
    </CopyFileToFolders>
    <CopyFileToFolders Include="blender\table.obj">
      <Filter>blender</Filter>
    </CopyFileToFolders>
  </ItemGroup>
</Project>